
Microsoft Visual Studio Solution File, Format Version 12.00
# Visual Studio 15
VisualStudioVersion = 15.0.27130.2020
MinimumVisualStudioVersion = 10.0.40219.1
Project("{FAE04EC0-301F-11D3-BF4B-00C04F79EFBC}") = "Automation.Repka01", "Automation.Repka01\Automation.Repka01.csproj", "{21EC56E0-FA6A-487B-9680-4FAE0888A5CF}"
EndProject
Global
	GlobalSection(SolutionConfigurationPlatforms) = preSolution
		Debug|Any CPU = Debug|Any CPU
		Release|Any CPU = Release|Any CPU
	EndGlobalSection
	GlobalSection(ProjectConfigurationPlatforms) = postSolution
		{21EC56E0-FA6A-487B-9680-4FAE0888A5CF}.Debug|Any CPU.ActiveCfg = Debug|Any CPU
		{21EC56E0-FA6A-487B-9680-4FAE0888A5CF}.Debug|Any CPU.Build.0 = Debug|Any CPU
		{21EC56E0-FA6A-487B-9680-4FAE0888A5CF}.Release|Any CPU.ActiveCfg = Release|Any CPU
		{21EC56E0-FA6A-487B-9680-4FAE0888A5CF}.Release|Any CPU.Build.0 = Release|Any CPU
	EndGlobalSection
	GlobalSection(SolutionProperties) = preSolution
		HideSolutionNode = FALSE
	EndGlobalSection
	GlobalSection(ExtensibilityGlobals) = postSolution
		SolutionGuid = {C8B29EBE-49C3-4A75-B911-16C9E6B632E9}
	EndGlobalSection
EndGlobal
